
Microsoft Visual Studio Solution File, Format Version 12.00
# Visual Studio Version 16
VisualStudioVersion = 16.0.30523.141
MinimumVisualStudioVersion = 10.0.40219.1
Project("{FAE04EC0-301F-11D3-BF4B-00C04F79EFBC}") = "ASC tema 3 HexViewer", "ASC tema 3 HexViewer.csproj", "{4A43A523-A695-4D62-9C50-8F4E0F198B10}"
EndProject
Global
	GlobalSection(SolutionConfigurationPlatforms) = preSolution
		Debug|Any CPU = Debug|Any CPU
		Release|Any CPU = Release|Any CPU
	EndGlobalSection
	GlobalSection(ProjectConfigurationPlatforms) = postSolution
		{4A43A523-A695-4D62-9C50-8F4E0F198B10}.Debug|Any CPU.ActiveCfg = Debug|Any CPU
		{4A43A523-A695-4D62-9C50-8F4E0F198B10}.Debug|Any CPU.Build.0 = Debug|Any CPU
		{4A43A523-A695-4D62-9C50-8F4E0F198B10}.Release|Any CPU.ActiveCfg = Release|Any CPU
		{4A43A523-A695-4D62-9C50-8F4E0F198B10}.Release|Any CPU.Build.0 = Release|Any CPU
	EndGlobalSection
	GlobalSection(SolutionProperties) = preSolution
		HideSolutionNode = FALSE
	EndGlobalSection
	GlobalSection(ExtensibilityGlobals) = postSolution
		SolutionGuid = {9A562F3A-5433-422C-8A53-2EA7DAEB6C5A}
	EndGlobalSection
EndGlobal
